
Microsoft Visual Studio Solution File, Format Version 10.00
# Visual Studio 2008
Project("{8BC9CEB8-8B4A-11D0-8D11-00A0C91BC942}") = "CeleScript", "CeleScript.vcproj", "{DBDA5B85-BA51-48C7-B633-45BD67B809AA}"
EndProject
Global
	GlobalSection(SolutionConfigurationPlatforms) = preSolution
		Debug|Win32 = Debug|Win32
		Release|Win32 = Release|Win32
	EndGlobalSection
	GlobalSection(ProjectConfigurationPlatforms) = postSolution
		{DBDA5B85-BA51-48C7-B633-45BD67B809AA}.Debug|Win32.ActiveCfg = Debug|Win32
		{DBDA5B85-BA51-48C7-B633-45BD67B809AA}.Debug|Win32.Build.0 = Debug|Win32
		{DBDA5B85-BA51-48C7-B633-45BD67B809AA}.Release|Win32.ActiveCfg = Release|Win32
		{DBDA5B85-BA51-48C7-B633-45BD67B809AA}.Release|Win32.Build.0 = Release|Win32
	EndGlobalSection
	GlobalSection(SolutionProperties) = preSolution
		HideSolutionNode = FALSE
	EndGlobalSection
EndGlobal
